
Microsoft Visual Studio Solution File, Format Version 12.00
# Visual Studio Version 16
VisualStudioVersion = 16.0.29001.49
MinimumVisualStudioVersion = 10.0.40219.1
Project("{9A19103F-16F7-4668-BE54-9A1E7A4F7556}") = "SAWorkplace", "SAWorkplace\SAWorkplace.csproj", "{7AFF3F51-BC33-4FA7-B75A-ECB3C092E7DD}"
EndProject
Global
	GlobalSection(SolutionConfigurationPlatforms) = preSolution
		Debug|Any CPU = Debug|Any CPU
		Release|Any CPU = Release|Any CPU
	EndGlobalSection
	GlobalSection(ProjectConfigurationPlatforms) = postSolution
		{7AFF3F51-BC33-4FA7-B75A-ECB3C092E7DD}.Debug|Any CPU.ActiveCfg = Debug|Any CPU
		{7AFF3F51-BC33-4FA7-B75A-ECB3C092E7DD}.Debug|Any CPU.Build.0 = Debug|Any CPU
		{7AFF3F51-BC33-4FA7-B75A-ECB3C092E7DD}.Release|Any CPU.ActiveCfg = Release|Any CPU
		{7AFF3F51-BC33-4FA7-B75A-ECB3C092E7DD}.Release|Any CPU.Build.0 = Release|Any CPU
	EndGlobalSection
	GlobalSection(SolutionProperties) = preSolution
		HideSolutionNode = FALSE
	EndGlobalSection
	GlobalSection(ExtensibilityGlobals) = postSolution
		SolutionGuid = {E2F21ECF-3ADC-4A1E-8B9B-CEB7E2E928A4}
	EndGlobalSection
EndGlobal
